
Microsoft Visual Studio Solution File, Format Version 12.00
# Visual Studio 2013
VisualStudioVersion = 12.0.21005.1
MinimumVisualStudioVersion = 10.0.40219.1
Project("{FAE04EC0-301F-11D3-BF4B-00C04F79EFBC}") = "PCB_Application", "PCB\PCB_Application.csproj", "{9C0C4A56-1861-40A8-B850-DEB2D82592AD}"
	ProjectSection(ProjectDependencies) = postProject
		{F2DA5305-F77D-4537-A1A3-B6846A340683} = {F2DA5305-F77D-4537-A1A3-B6846A340683}
	EndProjectSection
EndProject
Project("{2150E333-8FDC-42A3-9474-1A3956D46DE8}") = "Solution Items", "Solution Items", "{BB7BA340-2749-4508-934A-66D6B9F34106}"
	ProjectSection(SolutionItems) = preProject
		Performance1.psess = Performance1.psess
	EndProjectSection
EndProject
Project("{FAE04EC0-301F-11D3-BF4B-00C04F79EFBC}") = "Binding", "ClassLibrary1\Binding.csproj", "{4A6283F3-8FAD-457F-97FC-6E904F8E5018}"
EndProject
Project("{FAE04EC0-301F-11D3-BF4B-00C04F79EFBC}") = "Settings", "Settings\Settings.csproj", "{F2DA5305-F77D-4537-A1A3-B6846A340683}"
EndProject
Project("{FAE04EC0-301F-11D3-BF4B-00C04F79EFBC}") = "Threading", "ClassLibrary2\Threading.csproj", "{E49D27E4-5246-4B33-9CD9-B91B27141E85}"
EndProject
Project("{FAE04EC0-301F-11D3-BF4B-00C04F79EFBC}") = "SandBox", "SandBox\SandBox.csproj", "{FADDCF87-2D53-4619-A7E3-5044FFDB0344}"
EndProject
Project("{FAE04EC0-301F-11D3-BF4B-00C04F79EFBC}") = "FileHandler", "FileHandler\FileHandler.csproj", "{E3D2BCB5-DDB0-4E88-BA8B-FD38700649D5}"
EndProject
Project("{FAE04EC0-301F-11D3-BF4B-00C04F79EFBC}") = "Design", "Design\Design.csproj", "{6ECD74BB-EC72-45AA-84A3-E807650E82C1}"
EndProject
Project("{FAE04EC0-301F-11D3-BF4B-00C04F79EFBC}") = "Command", "Command\Command.csproj", "{EA273989-0917-42DC-97E3-B9EF6B0AA914}"
EndProject
Global
	GlobalSection(SolutionConfigurationPlatforms) = preSolution
		Debug|Any CPU = Debug|Any CPU
		Debug|x64 = Debug|x64
		Release|Any CPU = Release|Any CPU
		Release|x64 = Release|x64
	EndGlobalSection
	GlobalSection(ProjectConfigurationPlatforms) = postSolution
		{9C0C4A56-1861-40A8-B850-DEB2D82592AD}.Debug|Any CPU.ActiveCfg = Debug|Any CPU
		{9C0C4A56-1861-40A8-B850-DEB2D82592AD}.Debug|Any CPU.Build.0 = Debug|Any CPU
		{9C0C4A56-1861-40A8-B850-DEB2D82592AD}.Debug|x64.ActiveCfg = Debug|x64
		{9C0C4A56-1861-40A8-B850-DEB2D82592AD}.Debug|x64.Build.0 = Debug|x64
		{9C0C4A56-1861-40A8-B850-DEB2D82592AD}.Release|Any CPU.ActiveCfg = Release|Any CPU
		{9C0C4A56-1861-40A8-B850-DEB2D82592AD}.Release|Any CPU.Build.0 = Release|Any CPU
		{9C0C4A56-1861-40A8-B850-DEB2D82592AD}.Release|x64.ActiveCfg = Release|x64
		{9C0C4A56-1861-40A8-B850-DEB2D82592AD}.Release|x64.Build.0 = Release|x64
		{4A6283F3-8FAD-457F-97FC-6E904F8E5018}.Debug|Any CPU.ActiveCfg = Debug|Any CPU
		{4A6283F3-8FAD-457F-97FC-6E904F8E5018}.Debug|Any CPU.Build.0 = Debug|Any CPU
		{4A6283F3-8FAD-457F-97FC-6E904F8E5018}.Debug|x64.ActiveCfg = Debug|Any CPU
		{4A6283F3-8FAD-457F-97FC-6E904F8E5018}.Debug|x64.Build.0 = Debug|Any CPU
		{4A6283F3-8FAD-457F-97FC-6E904F8E5018}.Release|Any CPU.ActiveCfg = Release|Any CPU
		{4A6283F3-8FAD-457F-97FC-6E904F8E5018}.Release|Any CPU.Build.0 = Release|Any CPU
		{4A6283F3-8FAD-457F-97FC-6E904F8E5018}.Release|x64.ActiveCfg = Release|Any CPU
		{F2DA5305-F77D-4537-A1A3-B6846A340683}.Debug|Any CPU.ActiveCfg = Debug|Any CPU
		{F2DA5305-F77D-4537-A1A3-B6846A340683}.Debug|Any CPU.Build.0 = Debug|Any CPU
		{F2DA5305-F77D-4537-A1A3-B6846A340683}.Debug|x64.ActiveCfg = Debug|Any CPU
		{F2DA5305-F77D-4537-A1A3-B6846A340683}.Debug|x64.Build.0 = Debug|Any CPU
		{F2DA5305-F77D-4537-A1A3-B6846A340683}.Release|Any CPU.ActiveCfg = Release|Any CPU
		{F2DA5305-F77D-4537-A1A3-B6846A340683}.Release|Any CPU.Build.0 = Release|Any CPU
		{F2DA5305-F77D-4537-A1A3-B6846A340683}.Release|x64.ActiveCfg = Release|Any CPU
		{E49D27E4-5246-4B33-9CD9-B91B27141E85}.Debug|Any CPU.ActiveCfg = Debug|Any CPU
		{E49D27E4-5246-4B33-9CD9-B91B27141E85}.Debug|Any CPU.Build.0 = Debug|Any CPU
		{E49D27E4-5246-4B33-9CD9-B91B27141E85}.Debug|x64.ActiveCfg = Debug|Any CPU
		{E49D27E4-5246-4B33-9CD9-B91B27141E85}.Debug|x64.Build.0 = Debug|Any CPU
		{E49D27E4-5246-4B33-9CD9-B91B27141E85}.Release|Any CPU.ActiveCfg = Release|Any CPU
		{E49D27E4-5246-4B33-9CD9-B91B27141E85}.Release|Any CPU.Build.0 = Release|Any CPU
		{E49D27E4-5246-4B33-9CD9-B91B27141E85}.Release|x64.ActiveCfg = Release|Any CPU
		{FADDCF87-2D53-4619-A7E3-5044FFDB0344}.Debug|Any CPU.ActiveCfg = Debug|Any CPU
		{FADDCF87-2D53-4619-A7E3-5044FFDB0344}.Debug|Any CPU.Build.0 = Debug|Any CPU
		{FADDCF87-2D53-4619-A7E3-5044FFDB0344}.Debug|x64.ActiveCfg = Debug|Any CPU
		{FADDCF87-2D53-4619-A7E3-5044FFDB0344}.Debug|x64.Build.0 = Debug|Any CPU
		{FADDCF87-2D53-4619-A7E3-5044FFDB0344}.Release|Any CPU.ActiveCfg = Release|Any CPU
		{FADDCF87-2D53-4619-A7E3-5044FFDB0344}.Release|Any CPU.Build.0 = Release|Any CPU
		{FADDCF87-2D53-4619-A7E3-5044FFDB0344}.Release|x64.ActiveCfg = Release|Any CPU
		{E3D2BCB5-DDB0-4E88-BA8B-FD38700649D5}.Debug|Any CPU.ActiveCfg = Debug|Any CPU
		{E3D2BCB5-DDB0-4E88-BA8B-FD38700649D5}.Debug|Any CPU.Build.0 = Debug|Any CPU
		{E3D2BCB5-DDB0-4E88-BA8B-FD38700649D5}.Debug|x64.ActiveCfg = Debug|Any CPU
		{E3D2BCB5-DDB0-4E88-BA8B-FD38700649D5}.Debug|x64.Build.0 = Debug|Any CPU
		{E3D2BCB5-DDB0-4E88-BA8B-FD38700649D5}.Release|Any CPU.ActiveCfg = Release|Any CPU
		{E3D2BCB5-DDB0-4E88-BA8B-FD38700649D5}.Release|Any CPU.Build.0 = Release|Any CPU
		{E3D2BCB5-DDB0-4E88-BA8B-FD38700649D5}.Release|x64.ActiveCfg = Release|Any CPU
		{6ECD74BB-EC72-45AA-84A3-E807650E82C1}.Debug|Any CPU.ActiveCfg = Debug|Any CPU
		{6ECD74BB-EC72-45AA-84A3-E807650E82C1}.Debug|Any CPU.Build.0 = Debug|Any CPU
		{6ECD74BB-EC72-45AA-84A3-E807650E82C1}.Debug|x64.ActiveCfg = Debug|Any CPU
		{6ECD74BB-EC72-45AA-84A3-E807650E82C1}.Debug|x64.Build.0 = Debug|Any CPU
		{6ECD74BB-EC72-45AA-84A3-E807650E82C1}.Release|Any CPU.ActiveCfg = Release|Any CPU
		{6ECD74BB-EC72-45AA-84A3-E807650E82C1}.Release|Any CPU.Build.0 = Release|Any CPU
		{6ECD74BB-EC72-45AA-84A3-E807650E82C1}.Release|x64.ActiveCfg = Release|Any CPU
		{EA273989-0917-42DC-97E3-B9EF6B0AA914}.Debug|Any CPU.ActiveCfg = Debug|Any CPU
		{EA273989-0917-42DC-97E3-B9EF6B0AA914}.Debug|Any CPU.Build.0 = Debug|Any CPU
		{EA273989-0917-42DC-97E3-B9EF6B0AA914}.Debug|x64.ActiveCfg = Debug|Any CPU
		{EA273989-0917-42DC-97E3-B9EF6B0AA914}.Debug|x64.Build.0 = Debug|Any CPU
		{EA273989-0917-42DC-97E3-B9EF6B0AA914}.Release|Any CPU.ActiveCfg = Release|Any CPU
		{EA273989-0917-42DC-97E3-B9EF6B0AA914}.Release|Any CPU.Build.0 = Release|Any CPU
		{EA273989-0917-42DC-97E3-B9EF6B0AA914}.Release|x64.ActiveCfg = Release|Any CPU
	EndGlobalSection
	GlobalSection(SolutionProperties) = preSolution
		HideSolutionNode = FALSE
	EndGlobalSection
	GlobalSection(Performance) = preSolution
		HasPerformanceSessions = true
	EndGlobalSection
EndGlobal
